github.com/client9/gospell v0.9.1 h1:40Q8A2cjA63IKqGDVGIQFnD8/B7JqymEaPSNvrf377o=
github.com/client9/gospell v0.9.1/go.mod h1:d1LE022+jAyuI0El4kT3yT2uqn7dtXkGGh0bTE3HG7Y=
github.com/client9/tojson v1.0.0 h1:9MyahtxZqlaPhjcmnNSxgumWBNrvXz//Qxm7Vv/oAhw=
github.com/client9/tojson v1.0.0/go.mod h1:O+LLKspWkhoGIXqswSCKZPFS1kgLOpL12DST21bpapI=
github.com/yuin/goldmark v1.8.2 h1:kEGpgqJXdgbkhcOgBxkC0X0PmoPG1ZyoZ117rDVp4zE=
github.com/yuin/goldmark v1.8.2/go.mod h1:ip/1k0VRfGynBgxOz0yCqHrbZXhcjxyuS66Brc7iBKg=
golang.org/x/text v0.36.0 h1:JfKh3XmcRPqZPKevfXVpI1wXPTqbkE5f7JA92a55Yxg=
golang.org/x/text v0.36.0/go.mod h1:NIdBknypM8iqVmPiuco0Dh6P5Jcdk8lJL0CUebqK164=
